
Microsoft Visual Studio Solution File, Format Version 12.00
# Visual Studio Version 17
VisualStudioVersion = 17.4.33205.214
MinimumVisualStudioVersion = 10.0.40219.1
Project("{FAE04EC0-301F-11D3-BF4B-00C04F79EFBC}") = "API_Library", "API_Library\API_Library.csproj", "{50CEA8A1-C5A3-4B71-B2B4-23A18A27D398}"
EndProject
Global
	GlobalSection(SolutionConfigurationPlatforms) = preSolution
		Debug|Any CPU = Debug|Any CPU
		Release|Any CPU = Release|Any CPU
	EndGlobalSection
	GlobalSection(ProjectConfigurationPlatforms) = postSolution
		{50CEA8A1-C5A3-4B71-B2B4-23A18A27D398}.Debug|Any CPU.ActiveCfg = Debug|Any CPU
		{50CEA8A1-C5A3-4B71-B2B4-23A18A27D398}.Debug|Any CPU.Build.0 = Debug|Any CPU
		{50CEA8A1-C5A3-4B71-B2B4-23A18A27D398}.Release|Any CPU.ActiveCfg = Release|Any CPU
		{50CEA8A1-C5A3-4B71-B2B4-23A18A27D398}.Release|Any CPU.Build.0 = Release|Any CPU
	EndGlobalSection
	GlobalSection(SolutionProperties) = preSolution
		HideSolutionNode = FALSE
	EndGlobalSection
	GlobalSection(ExtensibilityGlobals) = postSolution
		SolutionGuid = {327FF1C0-FFFE-489C-9240-F24AEF4DF7AC}
	EndGlobalSection
EndGlobal
